// !$*UTF8*$!
{
	archiveVersion = 1;
	classes = {
	};
	objectVersion = 50;
	objects = {

/* Begin PBXFileReference section */
		2AC52F572C75A1B300D1DBE7 /* index.html */ = {isa = PBXFileReference; lastKnownFileType = text.html; path = index.html; sourceTree = "<group>"; };
		2AC52F582C75A1D900D1DBE7 /* server.js */ = {isa = PBXFileReference; lastKnownFileType = sourcecode.javascript; path = server.js; sourceTree = "<group>"; };
		2AC52F592C783F9800D1DBE7 /* service-worker.js */ = {isa = PBXFileReference; lastKnownFileType = sourcecode.javascript; path = "service-worker.js"; sourceTree = "<group>"; };
		2AC52F5A2C783FC700D1DBE7 /* manifest.json */ = {isa = PBXFileReference; lastKnownFileType = text.json; path = manifest.json; sourceTree = "<group>"; };
		2AC52F5D2C7A7CAF00D1DBE7 /* icon-512x512.webp */ = {isa = PBXFileReference; lastKnownFileType = file; name = "icon-512x512.webp"; path = "icons/icon-512x512.webp"; sourceTree = "<group>"; };
		2AC52F5E2C7A7CAF00D1DBE7 /* icon-192x192.webp */ = {isa = PBXFileReference; lastKnownFileType = file; name = "icon-192x192.webp"; path = "icons/icon-192x192.webp"; sourceTree = "<group>"; };
		2AC52F5F2C7A82BA00D1DBE7 /* favicon.ico */ = {isa = PBXFileReference; lastKnownFileType = image.ico; name = favicon.ico; path = icons/favicon.ico; sourceTree = "<group>"; };
/* End PBXFileReference section */

/* Begin PBXGroup section */
		2AC52F502C75A19900D1DBE7 = {
			isa = PBXGroup;
			children = (
				2AC52F5F2C7A82BA00D1DBE7 /* favicon.ico */,
				2AC52F5E2C7A7CAF00D1DBE7 /* icon-192x192.webp */,
				2AC52F5D2C7A7CAF00D1DBE7 /* icon-512x512.webp */,
				2AC52F5A2C783FC700D1DBE7 /* manifest.json */,
				2AC52F592C783F9800D1DBE7 /* service-worker.js */,
				2AC52F582C75A1D900D1DBE7 /* server.js */,
				2AC52F572C75A1B300D1DBE7 /* index.html */,
			);
			sourceTree = "<group>";
		};
/* End PBXGroup section */

/* Begin PBXProject section */
		2AC52F512C75A19900D1DBE7 /* Project object */ = {
			isa = PBXProject;
			attributes = {
				LastUpgradeCheck = 1000;
			};
			buildConfigurationList = 2AC52F542C75A19900D1DBE7 /* Build configuration list for PBXProject "ClockInOut" */;
			compatibilityVersion = "Xcode 9.3";
			developmentRegion = en;
			hasScannedForEncodings = 0;
			knownRegions = (
				en,
			);
			mainGroup = 2AC52F502C75A19900D1DBE7;
			projectDirPath = "";
			projectRoot = "";
			targets = (
			);
		};
/* End PBXProject section */

/* Begin XCBuildConfiguration section */
		2AC52F552C75A19900D1DBE7 /* Debug */ = {
			isa = XCBuildConfiguration;
			buildSettings = {
			};
			name = Debug;
		};
		2AC52F562C75A19900D1DBE7 /* Release */ = {
			isa = XCBuildConfiguration;
			buildSettings = {
			};
			name = Release;
		};
/* End XCBuildConfiguration section */

/* Begin XCConfigurationList section */
		2AC52F542C75A19900D1DBE7 /* Build configuration list for PBXProject "ClockInOut" */ = {
			isa = XCConfigurationList;
			buildConfigurations = (
				2AC52F552C75A19900D1DBE7 /* Debug */,
				2AC52F562C75A19900D1DBE7 /* Release */,
			);
			defaultConfigurationIsVisible = 0;
			defaultConfigurationName = Release;
		};
/* End XCConfigurationList section */
	};
	rootObject = 2AC52F512C75A19900D1DBE7 /* Project object */;
}
